
Microsoft Visual Studio Solution File, Format Version 11.00
# Visual Studio 2010
Project("{FAE04EC0-301F-11D3-BF4B-00C04F79EFBC}") = "CombinationsORPowerSet", "CombinationsORPowerSet\CombinationsORPowerSet.csproj", "{9BF024B1-A061-4688-AEAC-26E0BFF880F6}"
EndProject
Global
	GlobalSection(SolutionConfigurationPlatforms) = preSolution
		Debug|x86 = Debug|x86
		Release|x86 = Release|x86
	EndGlobalSection
	GlobalSection(ProjectConfigurationPlatforms) = postSolution
		{9BF024B1-A061-4688-AEAC-26E0BFF880F6}.Debug|x86.ActiveCfg = Debug|x86
		{9BF024B1-A061-4688-AEAC-26E0BFF880F6}.Debug|x86.Build.0 = Debug|x86
		{9BF024B1-A061-4688-AEAC-26E0BFF880F6}.Release|x86.ActiveCfg = Release|x86
		{9BF024B1-A061-4688-AEAC-26E0BFF880F6}.Release|x86.Build.0 = Release|x86
	EndGlobalSection
	GlobalSection(SolutionProperties) = preSolution
		HideSolutionNode = FALSE
	EndGlobalSection
EndGlobal
