
Microsoft Visual Studio Solution File, Format Version 11.00
# Visual Studio 2010
Project("{FAE04EC0-301F-11D3-BF4B-00C04F79EFBC}") = "EqualDistributionApples", "EqualDistributionApples\EqualDistributionApples.csproj", "{A166CBB2-9746-4400-8A3E-1AB2B5FD98F3}"
EndProject
Global
	GlobalSection(SolutionConfigurationPlatforms) = preSolution
		Debug|x86 = Debug|x86
		Release|x86 = Release|x86
	EndGlobalSection
	GlobalSection(ProjectConfigurationPlatforms) = postSolution
		{A166CBB2-9746-4400-8A3E-1AB2B5FD98F3}.Debug|x86.ActiveCfg = Debug|x86
		{A166CBB2-9746-4400-8A3E-1AB2B5FD98F3}.Debug|x86.Build.0 = Debug|x86
		{A166CBB2-9746-4400-8A3E-1AB2B5FD98F3}.Release|x86.ActiveCfg = Release|x86
		{A166CBB2-9746-4400-8A3E-1AB2B5FD98F3}.Release|x86.Build.0 = Release|x86
	EndGlobalSection
	GlobalSection(SolutionProperties) = preSolution
		HideSolutionNode = FALSE
	EndGlobalSection
EndGlobal
